
Microsoft Visual Studio Solution File, Format Version 12.00
# Visual Studio Version 16
VisualStudioVersion = 16.0.31105.61
MinimumVisualStudioVersion = 10.0.40219.1
Project("{FAE04EC0-301F-11D3-BF4B-00C04F79EFBC}") = "WeatherApp.Android", "WeatherApp\WeatherApp.Android\WeatherApp.Android.csproj", "{CB64F8DE-BB62-459B-9ADC-A86155468C6F}"
EndProject
Project("{FAE04EC0-301F-11D3-BF4B-00C04F79EFBC}") = "WeatherApp.iOS", "WeatherApp\WeatherApp.iOS\WeatherApp.iOS.csproj", "{EE17DC13-3C34-4F47-9A57-976B66388C4A}"
EndProject
Project("{FAE04EC0-301F-11D3-BF4B-00C04F79EFBC}") = "WeatherApp", "WeatherApp\WeatherApp\WeatherApp.csproj", "{3F6A7D0F-9706-4953-8AF8-1055E6E95071}"
EndProject
Global
	GlobalSection(SolutionConfigurationPlatforms) = preSolution
		Debug|Any CPU = Debug|Any CPU
		Debug|iPhone = Debug|iPhone
		Debug|iPhoneSimulator = Debug|iPhoneSimulator
		Release|Any CPU = Release|Any CPU
		Release|iPhone = Release|iPhone
		Release|iPhoneSimulator = Release|iPhoneSimulator
	EndGlobalSection
	GlobalSection(ProjectConfigurationPlatforms) = postSolution
		{CB64F8DE-BB62-459B-9ADC-A86155468C6F}.Debug|Any CPU.ActiveCfg = Debug|Any CPU
		{CB64F8DE-BB62-459B-9ADC-A86155468C6F}.Debug|Any CPU.Build.0 = Debug|Any CPU
		{CB64F8DE-BB62-459B-9ADC-A86155468C6F}.Debug|Any CPU.Deploy.0 = Debug|Any CPU
		{CB64F8DE-BB62-459B-9ADC-A86155468C6F}.Debug|iPhone.ActiveCfg = Debug|Any CPU
		{CB64F8DE-BB62-459B-9ADC-A86155468C6F}.Debug|iPhone.Build.0 = Debug|Any CPU
		{CB64F8DE-BB62-459B-9ADC-A86155468C6F}.Debug|iPhone.Deploy.0 = Debug|Any CPU
		{CB64F8DE-BB62-459B-9ADC-A86155468C6F}.Debug|iPhoneSimulator.ActiveCfg = Debug|Any CPU
		{CB64F8DE-BB62-459B-9ADC-A86155468C6F}.Debug|iPhoneSimulator.Build.0 = Debug|Any CPU
		{CB64F8DE-BB62-459B-9ADC-A86155468C6F}.Debug|iPhoneSimulator.Deploy.0 = Debug|Any CPU
		{CB64F8DE-BB62-459B-9ADC-A86155468C6F}.Release|Any CPU.ActiveCfg = Release|Any CPU
		{CB64F8DE-BB62-459B-9ADC-A86155468C6F}.Release|Any CPU.Build.0 = Release|Any CPU
		{CB64F8DE-BB62-459B-9ADC-A86155468C6F}.Release|Any CPU.Deploy.0 = Release|Any CPU
		{CB64F8DE-BB62-459B-9ADC-A86155468C6F}.Release|iPhone.ActiveCfg = Release|Any CPU
		{CB64F8DE-BB62-459B-9ADC-A86155468C6F}.Release|iPhone.Build.0 = Release|Any CPU
		{CB64F8DE-BB62-459B-9ADC-A86155468C6F}.Release|iPhone.Deploy.0 = Release|Any CPU
		{CB64F8DE-BB62-459B-9ADC-A86155468C6F}.Release|iPhoneSimulator.ActiveCfg = Release|Any CPU
		{CB64F8DE-BB62-459B-9ADC-A86155468C6F}.Release|iPhoneSimulator.Build.0 = Release|Any CPU
		{CB64F8DE-BB62-459B-9ADC-A86155468C6F}.Release|iPhoneSimulator.Deploy.0 = Release|Any CPU
		{EE17DC13-3C34-4F47-9A57-976B66388C4A}.Debug|Any CPU.ActiveCfg = Debug|iPhone
		{EE17DC13-3C34-4F47-9A57-976B66388C4A}.Debug|Any CPU.Build.0 = Debug|iPhone
		{EE17DC13-3C34-4F47-9A57-976B66388C4A}.Debug|Any CPU.Deploy.0 = Debug|iPhone
		{EE17DC13-3C34-4F47-9A57-976B66388C4A}.Debug|iPhone.ActiveCfg = Debug|iPhone
		{EE17DC13-3C34-4F47-9A57-976B66388C4A}.Debug|iPhone.Build.0 = Debug|iPhone
		{EE17DC13-3C34-4F47-9A57-976B66388C4A}.Debug|iPhone.Deploy.0 = Debug|iPhone
		{EE17DC13-3C34-4F47-9A57-976B66388C4A}.Debug|iPhoneSimulator.ActiveCfg = Debug|iPhoneSimulator
		{EE17DC13-3C34-4F47-9A57-976B66388C4A}.Debug|iPhoneSimulator.Build.0 = Debug|iPhoneSimulator
		{EE17DC13-3C34-4F47-9A57-976B66388C4A}.Debug|iPhoneSimulator.Deploy.0 = Debug|iPhoneSimulator
		{EE17DC13-3C34-4F47-9A57-976B66388C4A}.Release|Any CPU.ActiveCfg = Release|iPhoneSimulator
		{EE17DC13-3C34-4F47-9A57-976B66388C4A}.Release|Any CPU.Build.0 = Release|iPhoneSimulator
		{EE17DC13-3C34-4F47-9A57-976B66388C4A}.Release|Any CPU.Deploy.0 = Release|iPhoneSimulator
		{EE17DC13-3C34-4F47-9A57-976B66388C4A}.Release|iPhone.ActiveCfg = Release|iPhone
		{EE17DC13-3C34-4F47-9A57-976B66388C4A}.Release|iPhone.Build.0 = Release|iPhone
		{EE17DC13-3C34-4F47-9A57-976B66388C4A}.Release|iPhone.Deploy.0 = Release|iPhone
		{EE17DC13-3C34-4F47-9A57-976B66388C4A}.Release|iPhoneSimulator.ActiveCfg = Release|iPhoneSimulator
		{EE17DC13-3C34-4F47-9A57-976B66388C4A}.Release|iPhoneSimulator.Build.0 = Release|iPhoneSimulator
		{EE17DC13-3C34-4F47-9A57-976B66388C4A}.Release|iPhoneSimulator.Deploy.0 = Release|iPhoneSimulator
		{3F6A7D0F-9706-4953-8AF8-1055E6E95071}.Debug|Any CPU.ActiveCfg = Debug|Any CPU
		{3F6A7D0F-9706-4953-8AF8-1055E6E95071}.Debug|Any CPU.Build.0 = Debug|Any CPU
		{3F6A7D0F-9706-4953-8AF8-1055E6E95071}.Debug|Any CPU.Deploy.0 = Debug|Any CPU
		{3F6A7D0F-9706-4953-8AF8-1055E6E95071}.Debug|iPhone.ActiveCfg = Debug|Any CPU
		{3F6A7D0F-9706-4953-8AF8-1055E6E95071}.Debug|iPhone.Build.0 = Debug|Any CPU
		{3F6A7D0F-9706-4953-8AF8-1055E6E95071}.Debug|iPhone.Deploy.0 = Debug|Any CPU
		{3F6A7D0F-9706-4953-8AF8-1055E6E95071}.Debug|iPhoneSimulator.ActiveCfg = Debug|Any CPU
		{3F6A7D0F-9706-4953-8AF8-1055E6E95071}.Debug|iPhoneSimulator.Build.0 = Debug|Any CPU
		{3F6A7D0F-9706-4953-8AF8-1055E6E95071}.Debug|iPhoneSimulator.Deploy.0 = Debug|Any CPU
		{3F6A7D0F-9706-4953-8AF8-1055E6E95071}.Release|Any CPU.ActiveCfg = Release|Any CPU
		{3F6A7D0F-9706-4953-8AF8-1055E6E95071}.Release|Any CPU.Build.0 = Release|Any CPU
		{3F6A7D0F-9706-4953-8AF8-1055E6E95071}.Release|Any CPU.Deploy.0 = Release|Any CPU
		{3F6A7D0F-9706-4953-8AF8-1055E6E95071}.Release|iPhone.ActiveCfg = Release|Any CPU
		{3F6A7D0F-9706-4953-8AF8-1055E6E95071}.Release|iPhone.Build.0 = Release|Any CPU
		{3F6A7D0F-9706-4953-8AF8-1055E6E95071}.Release|iPhone.Deploy.0 = Release|Any CPU
		{3F6A7D0F-9706-4953-8AF8-1055E6E95071}.Release|iPhoneSimulator.ActiveCfg = Release|Any CPU
		{3F6A7D0F-9706-4953-8AF8-1055E6E95071}.Release|iPhoneSimulator.Build.0 = Release|Any CPU
		{3F6A7D0F-9706-4953-8AF8-1055E6E95071}.Release|iPhoneSimulator.Deploy.0 = Release|Any CPU
	EndGlobalSection
	GlobalSection(SolutionProperties) = preSolution
		HideSolutionNode = FALSE
	EndGlobalSection
	GlobalSection(ExtensibilityGlobals) = postSolution
		SolutionGuid = {A15D0D32-107A-4E94-A0F0-02F83EAC8937}
	EndGlobalSection
EndGlobal
